
Microsoft Visual Studio Solution File, Format Version 12.00
# Visual Studio Version 16
VisualStudioVersion = 16.0.30523.141
MinimumVisualStudioVersion = 10.0.40219.1
Project("{FAE04EC0-301F-11D3-BF4B-00C04F79EFBC}") = "001_DETAI", "001_DETAI.csproj", "{72309708-9DEE-40D4-9F86-899993AB1298}"
EndProject
Project("{2150E333-8FDC-42A3-9474-1A3956D46DE8}") = "Solution Items", "Solution Items", "{18411886-41E0-453A-AE37-1CEDC353A05F}"
EndProject
Global
	GlobalSection(SolutionConfigurationPlatforms) = preSolution
		Debug|Any CPU = Debug|Any CPU
		Release|Any CPU = Release|Any CPU
	EndGlobalSection
	GlobalSection(ProjectConfigurationPlatforms) = postSolution
		{72309708-9DEE-40D4-9F86-899993AB1298}.Debug|Any CPU.ActiveCfg = Debug|Any CPU
		{72309708-9DEE-40D4-9F86-899993AB1298}.Debug|Any CPU.Build.0 = Debug|Any CPU
		{72309708-9DEE-40D4-9F86-899993AB1298}.Release|Any CPU.ActiveCfg = Release|Any CPU
		{72309708-9DEE-40D4-9F86-899993AB1298}.Release|Any CPU.Build.0 = Release|Any CPU
	EndGlobalSection
	GlobalSection(SolutionProperties) = preSolution
		HideSolutionNode = FALSE
	EndGlobalSection
	GlobalSection(ExtensibilityGlobals) = postSolution
		SolutionGuid = {D99B082D-2DDF-4AB7-B340-AE1C563471A6}
	EndGlobalSection
EndGlobal
